// !$*UTF8*$!
{
	archiveVersion = 1;
	classes = {
	};
	objectVersion = 55;
	objects = {

/* Begin PBXBuildFile section */
		9DD22B9E27FF859D00110C96 /* source.cpp in Sources */ = {isa = PBXBuildFile; fileRef = 9DD22B9C27FF859D00110C96 /* source.cpp */; };
		9DD22BA127FF85A900110C96 /* Student.cpp in Sources */ = {isa = PBXBuildFile; fileRef = 9DD22B9F27FF85A900110C96 /* Student.cpp */; };
		9DD22BA927FF85C100110C96 /* tst.mm in Sources */ = {isa = PBXBuildFile; fileRef = 9DD22BA827FF85C100110C96 /* tst.mm */; };
		9DD22BAE27FF85E900110C96 /* test.mm in Sources */ = {isa = PBXBuildFile; fileRef = 9DD22BAD27FF85E900110C96 /* test.mm */; };
/* End PBXBuildFile section */

/* Begin PBXCopyFilesBuildPhase section */
		9DD22B9027FF858700110C96 /* CopyFiles */ = {
			isa = PBXCopyFilesBuildPhase;
			buildActionMask = 2147483647;
			dstPath = /usr/share/man/man1/;
			dstSubfolderSpec = 0;
			files = (
			);
			runOnlyForDeploymentPostprocessing = 1;
		};
/* End PBXCopyFilesBuildPhase section */

/* Begin PBXFileReference section */
		9DD22B9227FF858700110C96 /* lab3_2_B */ = {isa = PBXFileReference; explicitFileType = "compiled.mach-o.executable"; includeInIndex = 0; path = lab3_2_B; sourceTree = BUILT_PRODUCTS_DIR; };
		9DD22B9C27FF859D00110C96 /* source.cpp */ = {isa = PBXFileReference; lastKnownFileType = sourcecode.cpp.cpp; path = source.cpp; sourceTree = "<group>"; };
		9DD22B9D27FF859D00110C96 /* source.hpp */ = {isa = PBXFileReference; lastKnownFileType = sourcecode.cpp.h; path = source.hpp; sourceTree = "<group>"; };
		9DD22B9F27FF85A900110C96 /* Student.cpp */ = {isa = PBXFileReference; lastKnownFileType = sourcecode.cpp.cpp; path = Student.cpp; sourceTree = "<group>"; };
		9DD22BA027FF85A900110C96 /* Student.hpp */ = {isa = PBXFileReference; lastKnownFileType = sourcecode.cpp.h; path = Student.hpp; sourceTree = "<group>"; };
		9DD22BA627FF85C100110C96 /* tst.xctest */ = {isa = PBXFileReference; explicitFileType = wrapper.cfbundle; includeInIndex = 0; path = tst.xctest; sourceTree = BUILT_PRODUCTS_DIR; };
		9DD22BA827FF85C100110C96 /* tst.mm */ = {isa = PBXFileReference; lastKnownFileType = sourcecode.cpp.objcpp; path = tst.mm; sourceTree = "<group>"; };
		9DD22BAD27FF85E900110C96 /* test.mm */ = {isa = PBXFileReference; lastKnownFileType = sourcecode.cpp.objcpp; path = test.mm; sourceTree = "<group>"; };
/* End PBXFileReference section */

/* Begin PBXFrameworksBuildPhase section */
		9DD22B8F27FF858700110C96 /* Frameworks */ = {
			isa = PBXFrameworksBuildPhase;
			buildActionMask = 2147483647;
			files = (
			);
			runOnlyForDeploymentPostprocessing = 0;
		};
		9DD22BA327FF85C100110C96 /* Frameworks */ = {
			isa = PBXFrameworksBuildPhase;
			buildActionMask = 2147483647;
			files = (
			);
			runOnlyForDeploymentPostprocessing = 0;
		};
/* End PBXFrameworksBuildPhase section */

/* Begin PBXGroup section */
		9DD22B8927FF858700110C96 = {
			isa = PBXGroup;
			children = (
				9DD22B9F27FF85A900110C96 /* Student.cpp */,
				9DD22BA027FF85A900110C96 /* Student.hpp */,
				9DD22B9C27FF859D00110C96 /* source.cpp */,
				9DD22B9D27FF859D00110C96 /* source.hpp */,
				9DD22BA727FF85C100110C96 /* tst */,
				9DD22B9327FF858700110C96 /* Products */,
			);
			sourceTree = "<group>";
		};
		9DD22B9327FF858700110C96 /* Products */ = {
			isa = PBXGroup;
			children = (
				9DD22B9227FF858700110C96 /* lab3_2_B */,
				9DD22BA627FF85C100110C96 /* tst.xctest */,
			);
			name = Products;
			sourceTree = "<group>";
		};
		9DD22BA727FF85C100110C96 /* tst */ = {
			isa = PBXGroup;
			children = (
				9DD22BA827FF85C100110C96 /* tst.mm */,
				9DD22BAD27FF85E900110C96 /* test.mm */,
			);
			path = tst;
			sourceTree = "<group>";
		};
/* End PBXGroup section */

/* Begin PBXNativeTarget section */
		9DD22B9127FF858700110C96 /* lab3_2_B */ = {
			isa = PBXNativeTarget;
			buildConfigurationList = 9DD22B9927FF858700110C96 /* Build configuration list for PBXNativeTarget "lab3_2_B" */;
			buildPhases = (
				9DD22B8E27FF858700110C96 /* Sources */,
				9DD22B8F27FF858700110C96 /* Frameworks */,
				9DD22B9027FF858700110C96 /* CopyFiles */,
			);
			buildRules = (
			);
			dependencies = (
			);
			name = lab3_2_B;
			productName = lab3_2_B;
			productReference = 9DD22B9227FF858700110C96 /* lab3_2_B */;
			productType = "com.apple.product-type.tool";
		};
		9DD22BA527FF85C100110C96 /* tst */ = {
			isa = PBXNativeTarget;
			buildConfigurationList = 9DD22BAC27FF85C100110C96 /* Build configuration list for PBXNativeTarget "tst" */;
			buildPhases = (
				9DD22BA227FF85C100110C96 /* Sources */,
				9DD22BA327FF85C100110C96 /* Frameworks */,
				9DD22BA427FF85C100110C96 /* Resources */,
			);
			buildRules = (
			);
			dependencies = (
			);
			name = tst;
			productName = tst;
			productReference = 9DD22BA627FF85C100110C96 /* tst.xctest */;
			productType = "com.apple.product-type.bundle.unit-test";
		};
/* End PBXNativeTarget section */

/* Begin PBXProject section */
		9DD22B8A27FF858700110C96 /* Project object */ = {
			isa = PBXProject;
			attributes = {
				BuildIndependentTargetsInParallel = 1;
				LastUpgradeCheck = 1320;
				TargetAttributes = {
					9DD22B9127FF858700110C96 = {
						CreatedOnToolsVersion = 13.2.1;
					};
					9DD22BA527FF85C100110C96 = {
						CreatedOnToolsVersion = 13.2.1;
					};
				};
			};
			buildConfigurationList = 9DD22B8D27FF858700110C96 /* Build configuration list for PBXProject "lab3_2_B" */;
			compatibilityVersion = "Xcode 13.0";
			developmentRegion = en;
			hasScannedForEncodings = 0;
			knownRegions = (
				en,
				Base,
			);
			mainGroup = 9DD22B8927FF858700110C96;
			productRefGroup = 9DD22B9327FF858700110C96 /* Products */;
			projectDirPath = "";
			projectRoot = "";
			targets = (
				9DD22B9127FF858700110C96 /* lab3_2_B */,
				9DD22BA527FF85C100110C96 /* tst */,
			);
		};
/* End PBXProject section */

/* Begin PBXResourcesBuildPhase section */
		9DD22BA427FF85C100110C96 /* Resources */ = {
			isa = PBXResourcesBuildPhase;
			buildActionMask = 2147483647;
			files = (
			);
			runOnlyForDeploymentPostprocessing = 0;
		};
/* End PBXResourcesBuildPhase section */

/* Begin PBXSourcesBuildPhase section */
		9DD22B8E27FF858700110C96 /* Sources */ = {
			isa = PBXSourcesBuildPhase;
			buildActionMask = 2147483647;
			files = (
				9DD22B9E27FF859D00110C96 /* source.cpp in Sources */,
				9DD22BA127FF85A900110C96 /* Student.cpp in Sources */,
			);
			runOnlyForDeploymentPostprocessing = 0;
		};
		9DD22BA227FF85C100110C96 /* Sources */ = {
			isa = PBXSourcesBuildPhase;
			buildActionMask = 2147483647;
			files = (
				9DD22BA927FF85C100110C96 /* tst.mm in Sources */,
				9DD22BAE27FF85E900110C96 /* test.mm in Sources */,
			);
			runOnlyForDeploymentPostprocessing = 0;
		};
/* End PBXSourcesBuildPhase section */

/* Begin XCBuildConfiguration section */
		9DD22B9727FF858700110C96 /* Debug */ = {
			isa = XCBuildConfiguration;
			buildSettings = {
				ALWAYS_SEARCH_USER_PATHS = NO;
				CLANG_ANALYZER_NONNULL = YES;
				CLANG_ANALYZER_NUMBER_OBJECT_CONVERSION = YES_AGGRESSIVE;
				CLANG_CXX_LANGUAGE_STANDARD = "gnu++17";
				CLANG_CXX_LIBRARY = "libc++";
				CLANG_ENABLE_MODULES = YES;
				CLANG_ENABLE_OBJC_ARC = YES;
				CLANG_ENABLE_OBJC_WEAK = YES;
				CLANG_WARN_BLOCK_CAPTURE_AUTORELEASING = YES;
				CLANG_WARN_BOOL_CONVERSION = YES;
				CLANG_WARN_COMMA = YES;
				CLANG_WARN_CONSTANT_CONVERSION = YES;
				CLANG_WARN_DEPRECATED_OBJC_IMPLEMENTATIONS = YES;
				CLANG_WARN_DIRECT_OBJC_ISA_USAGE = YES_ERROR;
				CLANG_WARN_DOCUMENTATION_COMMENTS = YES;
				CLANG_WARN_EMPTY_BODY = YES;
				CLANG_WARN_ENUM_CONVERSION = YES;
				CLANG_WARN_INFINITE_RECURSION = YES;
				CLANG_WARN_INT_CONVERSION = YES;
				CLANG_WARN_NON_LITERAL_NULL_CONVERSION = YES;
				CLANG_WARN_OBJC_IMPLICIT_RETAIN_SELF = YES;
				CLANG_WARN_OBJC_LITERAL_CONVERSION = YES;
				CLANG_WARN_OBJC_ROOT_CLASS = YES_ERROR;
				CLANG_WARN_QUOTED_INCLUDE_IN_FRAMEWORK_HEADER = YES;
				CLANG_WARN_RANGE_LOOP_ANALYSIS = YES;
				CLANG_WARN_STRICT_PROTOTYPES = YES;
				CLANG_WARN_SUSPICIOUS_MOVE = YES;
				CLANG_WARN_UNGUARDED_AVAILABILITY = YES_AGGRESSIVE;
				CLANG_WARN_UNREACHABLE_CODE = YES;
				CLANG_WARN__DUPLICATE_METHOD_MATCH = YES;
				COPY_PHASE_STRIP = NO;
				DEBUG_INFORMATION_FORMAT = dwarf;
				ENABLE_STRICT_OBJC_MSGSEND = YES;
				ENABLE_TESTABILITY = YES;
				GCC_C_LANGUAGE_STANDARD = gnu11;
				GCC_DYNAMIC_NO_PIC = NO;
				GCC_NO_COMMON_BLOCKS = YES;
				GCC_OPTIMIZATION_LEVEL = 0;
				GCC_PREPROCESSOR_DEFINITIONS = (
					"DEBUG=1",
					"$(inherited)",
				);
				GCC_WARN_64_TO_32_BIT_CONVERSION = YES;
				GCC_WARN_ABOUT_RETURN_TYPE = YES_ERROR;
				GCC_WARN_UNDECLARED_SELECTOR = YES;
				GCC_WARN_UNINITIALIZED_AUTOS = YES_AGGRESSIVE;
				GCC_WARN_UNUSED_FUNCTION = YES;
				GCC_WARN_UNUSED_VARIABLE = YES;
				MACOSX_DEPLOYMENT_TARGET = 12.1;
				MTL_ENABLE_DEBUG_INFO = INCLUDE_SOURCE;
				MTL_FAST_MATH = YES;
				ONLY_ACTIVE_ARCH = YES;
				SDKROOT = macosx;
			};
			name = Debug;
		};
		9DD22B9827FF858700110C96 /* Release */ = {
			isa = XCBuildConfiguration;
			buildSettings = {
				ALWAYS_SEARCH_USER_PATHS = NO;
				CLANG_ANALYZER_NONNULL = YES;
				CLANG_ANALYZER_NUMBER_OBJECT_CONVERSION = YES_AGGRESSIVE;
				CLANG_CXX_LANGUAGE_STANDARD = "gnu++17";
				CLANG_CXX_LIBRARY = "libc++";
				CLANG_ENABLE_MODULES = YES;
				CLANG_ENABLE_OBJC_ARC = YES;
				CLANG_ENABLE_OBJC_WEAK = YES;
				CLANG_WARN_BLOCK_CAPTURE_AUTORELEASING = YES;
				CLANG_WARN_BOOL_CONVERSION = YES;
				CLANG_WARN_COMMA = YES;
				CLANG_WARN_CONSTANT_CONVERSION = YES;
				CLANG_WARN_DEPRECATED_OBJC_IMPLEMENTATIONS = YES;
				CLANG_WARN_DIRECT_OBJC_ISA_USAGE = YES_ERROR;
				CLANG_WARN_DOCUMENTATION_COMMENTS = YES;
				CLANG_WARN_EMPTY_BODY = YES;
				CLANG_WARN_ENUM_CONVERSION = YES;
				CLANG_WARN_INFINITE_RECURSION = YES;
				CLANG_WARN_INT_CONVERSION = YES;
				CLANG_WARN_NON_LITERAL_NULL_CONVERSION = YES;
				CLANG_WARN_OBJC_IMPLICIT_RETAIN_SELF = YES;
				CLANG_WARN_OBJC_LITERAL_CONVERSION = YES;
				CLANG_WARN_OBJC_ROOT_CLASS = YES_ERROR;
				CLANG_WARN_QUOTED_INCLUDE_IN_FRAMEWORK_HEADER = YES;
				CLANG_WARN_RANGE_LOOP_ANALYSIS = YES;
				CLANG_WARN_STRICT_PROTOTYPES = YES;
				CLANG_WARN_SUSPICIOUS_MOVE = YES;
				CLANG_WARN_UNGUARDED_AVAILABILITY = YES_AGGRESSIVE;
				CLANG_WARN_UNREACHABLE_CODE = YES;
				CLANG_WARN__DUPLICATE_METHOD_MATCH = YES;
				COPY_PHASE_STRIP = NO;
				DEBUG_INFORMATION_FORMAT = "dwarf-with-dsym";
				ENABLE_NS_ASSERTIONS = NO;
				ENABLE_STRICT_OBJC_MSGSEND = YES;
				GCC_C_LANGUAGE_STANDARD = gnu11;
				GCC_NO_COMMON_BLOCKS = YES;
				GCC_WARN_64_TO_32_BIT_CONVERSION = YES;
				GCC_WARN_ABOUT_RETURN_TYPE = YES_ERROR;
				GCC_WARN_UNDECLARED_SELECTOR = YES;
				GCC_WARN_UNINITIALIZED_AUTOS = YES_AGGRESSIVE;
				GCC_WARN_UNUSED_FUNCTION = YES;
				GCC_WARN_UNUSED_VARIABLE = YES;
				MACOSX_DEPLOYMENT_TARGET = 12.1;
				MTL_ENABLE_DEBUG_INFO = NO;
				MTL_FAST_MATH = YES;
				SDKROOT = macosx;
			};
			name = Release;
		};
		9DD22B9A27FF858700110C96 /* Debug */ = {
			isa = XCBuildConfiguration;
			buildSettings = {
				CODE_SIGN_STYLE = Automatic;
				PRODUCT_NAME = "$(TARGET_NAME)";
			};
			name = Debug;
		};
		9DD22B9B27FF858700110C96 /* Release */ = {
			isa = XCBuildConfiguration;
			buildSettings = {
				CODE_SIGN_STYLE = Automatic;
				PRODUCT_NAME = "$(TARGET_NAME)";
			};
			name = Release;
		};
		9DD22BAA27FF85C100110C96 /* Debug */ = {
			isa = XCBuildConfiguration;
			buildSettings = {
				CODE_SIGN_STYLE = Automatic;
				CURRENT_PROJECT_VERSION = 1;
				GENERATE_INFOPLIST_FILE = YES;
				MARKETING_VERSION = 1.0;
				PRODUCT_BUNDLE_IDENTIFIER = AAP.tst;
				PRODUCT_NAME = "$(TARGET_NAME)";
				SWIFT_EMIT_LOC_STRINGS = NO;
			};
			name = Debug;
		};
		9DD22BAB27FF85C100110C96 /* Release */ = {
			isa = XCBuildConfiguration;
			buildSettings = {
				CODE_SIGN_STYLE = Automatic;
				CURRENT_PROJECT_VERSION = 1;
				GENERATE_INFOPLIST_FILE = YES;
				MARKETING_VERSION = 1.0;
				PRODUCT_BUNDLE_IDENTIFIER = AAP.tst;
				PRODUCT_NAME = "$(TARGET_NAME)";
				SWIFT_EMIT_LOC_STRINGS = NO;
			};
			name = Release;
		};
/* End XCBuildConfiguration section */

/* Begin XCConfigurationList section */
		9DD22B8D27FF858700110C96 /* Build configuration list for PBXProject "lab3_2_B" */ = {
			isa = XCConfigurationList;
			buildConfigurations = (
				9DD22B9727FF858700110C96 /* Debug */,
				9DD22B9827FF858700110C96 /* Release */,
			);
			defaultConfigurationIsVisible = 0;
			defaultConfigurationName = Release;
		};
		9DD22B9927FF858700110C96 /* Build configuration list for PBXNativeTarget "lab3_2_B" */ = {
			isa = XCConfigurationList;
			buildConfigurations = (
				9DD22B9A27FF858700110C96 /* Debug */,
				9DD22B9B27FF858700110C96 /* Release */,
			);
			defaultConfigurationIsVisible = 0;
			defaultConfigurationName = Release;
		};
		9DD22BAC27FF85C100110C96 /* Build configuration list for PBXNativeTarget "tst" */ = {
			isa = XCConfigurationList;
			buildConfigurations = (
				9DD22BAA27FF85C100110C96 /* Debug */,
				9DD22BAB27FF85C100110C96 /* Release */,
			);
			defaultConfigurationIsVisible = 0;
			defaultConfigurationName = Release;
		};
/* End XCConfigurationList section */
	};
	rootObject = 9DD22B8A27FF858700110C96 /* Project object */;
}
